<?xml version="1.0" encoding="utf-8"?>
<Project ToolsVersion="4.0" xmlns="http://schemas.microsoft.com/developer/msbuild/2003">
  <ItemGroup>
    <Filter Include="People">
      <UniqueIdentifier>{8151c62d-8909-47ba-bdaa-569091d5cfda}</UniqueIdentifier>
    </Filter>
    <Filter Include="Items">
      <UniqueIdentifier>{65eef402-59ba-4be5-bf9d-516540b49c5b}</UniqueIdentifier>
    </Filter>
    <Filter Include="Controllers">
      <UniqueIdentifier>{37cbf739-227b-42bf-9554-8f2ebb262c0e}</UniqueIdentifier>
    </Filter>
    <Filter Include="Museum">
      <UniqueIdentifier>{28e463b2-ab8f-4d24-b73b-362a9794e75a}</UniqueIdentifier>
    </Filter>
    <Filter Include="Employees">
      <UniqueIdentifier>{bdfd7e8f-431c-4d99-9c2e-3aff5a0622fd}</UniqueIdentifier>
    </Filter>
    <Filter Include="Visitors">
      <UniqueIdentifier>{95701e9b-9ac3-41bf-b0a9-5928491dd5ba}</UniqueIdentifier>
    </Filter>
    <Filter Include="Exceptions">
      <UniqueIdentifier>{edeb9914-b0db-4da9-934b-7ccd2a8543e6}</UniqueIdentifier>
    </Filter>
  </ItemGroup>
  <ItemGroup>
    <ClCompile Include="Person.cpp">
      <Filter>People</Filter>
    </ClCompile>
    <ClCompile Include="Employee.cpp">
      <Filter>Employees</Filter>
    </ClCompile>
    <ClCompile Include="Guard.cpp">
      <Filter>Employees</Filter>
    </ClCompile>
    <ClCompile Include="Visitor.cpp">
      <Filter>Visitors</Filter>
    </ClCompile>
    <ClCompile Include="Museum.cpp">
      <Filter>Museum</Filter>
    </ClCompile>
    <ClCompile Include="Guide.cpp">
      <Filter>Employees</Filter>
    </ClCompile>
    <ClCompile Include="Cleaner.cpp">
      <Filter>Employees</Filter>
    </ClCompile>
    <ClCompile Include="Cashier.cpp">
      <Filter>Employees</Filter>
    </ClCompile>
    <ClCompile Include="main.cpp" />
    <ClCompile Include="jobs.h" />
    <ClCompile Include="EmployeesController.cpp">
      <Filter>Controllers</Filter>
    </ClCompile>
  </ItemGroup>
  <ItemGroup>
    <ClInclude Include="IPerson.h">
      <Filter>People</Filter>
    </ClInclude>
    <ClInclude Include="Person.h">
      <Filter>People</Filter>
    </ClInclude>
    <ClInclude Include="Employee.h">
      <Filter>Employees</Filter>
    </ClInclude>
    <ClInclude Include="Guard.h">
      <Filter>Employees</Filter>
    </ClInclude>
    <ClInclude Include="Visitor.h">
      <Filter>Visitors</Filter>
    </ClInclude>
    <ClInclude Include="Museum.h">
      <Filter>Museum</Filter>
    </ClInclude>
    <ClInclude Include="Guide.h">
      <Filter>Employees</Filter>
    </ClInclude>
    <ClInclude Include="Cleaner.h">
      <Filter>Employees</Filter>
    </ClInclude>
    <ClInclude Include="Cashier.h">
      <Filter>Employees</Filter>
    </ClInclude>
    <ClInclude Include="EmployeesController.h">
      <Filter>Controllers</Filter>
    </ClInclude>
  </ItemGroup>
</Project>