<?xml version="1.0" encoding="utf-8"?>
<Project ToolsVersion="4.0" xmlns="http://schemas.microsoft.com/developer/msbuild/2003">
  <ItemGroup>
    <Filter Include="Items">
      <UniqueIdentifier>{65eef402-59ba-4be5-bf9d-516540b49c5b}</UniqueIdentifier>
    </Filter>
    <Filter Include="Controllers">
      <UniqueIdentifier>{37cbf739-227b-42bf-9554-8f2ebb262c0e}</UniqueIdentifier>
    </Filter>
    <Filter Include="Museum">
      <UniqueIdentifier>{28e463b2-ab8f-4d24-b73b-362a9794e75a}</UniqueIdentifier>
    </Filter>
    <Filter Include="Employees">
      <UniqueIdentifier>{bdfd7e8f-431c-4d99-9c2e-3aff5a0622fd}</UniqueIdentifier>
    </Filter>
    <Filter Include="Exceptions">
      <UniqueIdentifier>{edeb9914-b0db-4da9-934b-7ccd2a8543e6}</UniqueIdentifier>
    </Filter>
    <Filter Include="Employees\Cashier">
      <UniqueIdentifier>{62ea4e74-4ff6-4744-aec8-ff4ca36fa10d}</UniqueIdentifier>
    </Filter>
    <Filter Include="Employees\Cleaner">
      <UniqueIdentifier>{72977ef7-04cc-4e1b-b73c-5a037fdef18a}</UniqueIdentifier>
    </Filter>
    <Filter Include="Employees\Employee">
      <UniqueIdentifier>{82e3871f-0592-4749-a7e9-3dda1bc98b5e}</UniqueIdentifier>
    </Filter>
    <Filter Include="Employees\Guard">
      <UniqueIdentifier>{ca4a213d-9b23-407b-8674-733c6e598404}</UniqueIdentifier>
    </Filter>
    <Filter Include="Employees\Guide">
      <UniqueIdentifier>{f1fdf948-7cb8-40b8-90c4-6e80a5b0954d}</UniqueIdentifier>
    </Filter>
    <Filter Include="Controllers\EmployeesController">
      <UniqueIdentifier>{0430a69b-c22a-4639-a849-427cfddbb89b}</UniqueIdentifier>
    </Filter>
    <Filter Include="Controllers\VisitorsController">
      <UniqueIdentifier>{5b324d52-daf0-4c42-98da-a42a633e4262}</UniqueIdentifier>
    </Filter>
    <Filter Include="Exceptions\IdNotAcceptableException">
      <UniqueIdentifier>{5107f4f2-1b8f-43dc-90e6-dfc1958b8dc3}</UniqueIdentifier>
    </Filter>
    <Filter Include="Exceptions\PersonNotFoundException">
      <UniqueIdentifier>{a0314572-4a47-4b33-9b15-c5d5ce0d75e9}</UniqueIdentifier>
    </Filter>
    <Filter Include="Person">
      <UniqueIdentifier>{8151c62d-8909-47ba-bdaa-569091d5cfda}</UniqueIdentifier>
    </Filter>
    <Filter Include="Visitor">
      <UniqueIdentifier>{95701e9b-9ac3-41bf-b0a9-5928491dd5ba}</UniqueIdentifier>
    </Filter>
    <Filter Include="Items\BuyableItem">
      <UniqueIdentifier>{933af581-6854-4bb8-abfd-27354e7a62f8}</UniqueIdentifier>
    </Filter>
    <Filter Include="Items\Exhibit">
      <UniqueIdentifier>{31a4c760-bb04-4764-b6a1-e1e760599912}</UniqueIdentifier>
    </Filter>
    <Filter Include="BankAccount">
      <UniqueIdentifier>{75c2eb88-c706-466a-bdf5-ba897111ba94}</UniqueIdentifier>
    </Filter>
    <Filter Include="Controllers\ExhibitsController">
      <UniqueIdentifier>{e56d4c80-3334-452d-b51e-110ed222c416}</UniqueIdentifier>
    </Filter>
  </ItemGroup>
  <ItemGroup>
    <ClCompile Include="Person.cpp">
      <Filter>Person</Filter>
    </ClCompile>
    <ClCompile Include="Visitor.cpp">
      <Filter>Visitor</Filter>
    </ClCompile>
    <ClCompile Include="Museum.cpp">
      <Filter>Museum</Filter>
    </ClCompile>
    <ClCompile Include="main.cpp" />
    <ClCompile Include="jobs.h" />
    <ClCompile Include="Cashier.cpp">
      <Filter>Employees\Cashier</Filter>
    </ClCompile>
    <ClCompile Include="Cleaner.cpp">
      <Filter>Employees\Cleaner</Filter>
    </ClCompile>
    <ClCompile Include="Employee.cpp">
      <Filter>Employees\Employee</Filter>
    </ClCompile>
    <ClCompile Include="Guard.cpp">
      <Filter>Employees\Guard</Filter>
    </ClCompile>
    <ClCompile Include="Guide.cpp">
      <Filter>Employees\Guide</Filter>
    </ClCompile>
    <ClCompile Include="EmployeesController.cpp">
      <Filter>Controllers\EmployeesController</Filter>
    </ClCompile>
    <ClCompile Include="VisitorsController.cpp">
      <Filter>Controllers\VisitorsController</Filter>
    </ClCompile>
    <ClCompile Include="IdNotAcceptableException.cpp">
      <Filter>Exceptions\IdNotAcceptableException</Filter>
    </ClCompile>
    <ClCompile Include="PersonNotFoundException.cpp">
      <Filter>Exceptions\PersonNotFoundException</Filter>
    </ClCompile>
    <ClCompile Include="BuyableItem.cpp">
      <Filter>Items\BuyableItem</Filter>
    </ClCompile>
    <ClCompile Include="Exhibit.cpp">
      <Filter>Items\Exhibit</Filter>
    </ClCompile>
    <ClCompile Include="BankAccount.cpp">
      <Filter>BankAccount</Filter>
    </ClCompile>
    <ClCompile Include="ExhibitsController.cpp">
      <Filter>Controllers\ExhibitsController</Filter>
    </ClCompile>
  </ItemGroup>
  <ItemGroup>
    <ClInclude Include="Person.h">
      <Filter>Person</Filter>
    </ClInclude>
    <ClInclude Include="Visitor.h">
      <Filter>Visitor</Filter>
    </ClInclude>
    <ClInclude Include="Museum.h">
      <Filter>Museum</Filter>
    </ClInclude>
    <ClInclude Include="Cashier.h">
      <Filter>Employees\Cashier</Filter>
    </ClInclude>
    <ClInclude Include="Cleaner.h">
      <Filter>Employees\Cleaner</Filter>
    </ClInclude>
    <ClInclude Include="Employee.h">
      <Filter>Employees\Employee</Filter>
    </ClInclude>
    <ClInclude Include="Guard.h">
      <Filter>Employees\Guard</Filter>
    </ClInclude>
    <ClInclude Include="Guide.h">
      <Filter>Employees\Guide</Filter>
    </ClInclude>
    <ClInclude Include="EmployeesController.h">
      <Filter>Controllers\EmployeesController</Filter>
    </ClInclude>
    <ClInclude Include="VisitorsController.h">
      <Filter>Controllers\VisitorsController</Filter>
    </ClInclude>
    <ClInclude Include="IdNotAcceptableException.h">
      <Filter>Exceptions\IdNotAcceptableException</Filter>
    </ClInclude>
    <ClInclude Include="PersonNotFoundException.h">
      <Filter>Exceptions\PersonNotFoundException</Filter>
    </ClInclude>
    <ClInclude Include="IMuseumItem.h">
      <Filter>Items</Filter>
    </ClInclude>
    <ClInclude Include="BuyableItem.h">
      <Filter>Items\BuyableItem</Filter>
    </ClInclude>
    <ClInclude Include="Exhibit.h">
      <Filter>Items\Exhibit</Filter>
    </ClInclude>
    <ClInclude Include="BankAccount.h">
      <Filter>BankAccount</Filter>
    </ClInclude>
    <ClInclude Include="ExhibitsController.h">
      <Filter>Controllers\ExhibitsController</Filter>
    </ClInclude>
    <ClInclude Include="IController.h">
      <Filter>Controllers</Filter>
    </ClInclude>
  </ItemGroup>
</Project>